
Microsoft Visual Studio Solution File, Format Version 12.00
# Visual Studio 15
VisualStudioVersion = 15.0.26228.12
MinimumVisualStudioVersion = 10.0.40219.1
Project("{2150E333-8FDC-42A3-9474-1A3956D46DE8}") = "0 - Presentation", "0 - Presentation", "{65A29ED9-A808-4FAC-9161-DF6EA9582E6A}"
EndProject
Project("{2150E333-8FDC-42A3-9474-1A3956D46DE8}") = "1 - Services", "1 - Services", "{7E863102-A546-4D90-B90C-4597519C8CD2}"
EndProject
Project("{2150E333-8FDC-42A3-9474-1A3956D46DE8}") = "2 - Application", "2 - Application", "{50B28B81-89F8-46BD-83ED-7386C59058AC}"
EndProject
Project("{2150E333-8FDC-42A3-9474-1A3956D46DE8}") = "3 - Domain", "3 - Domain", "{D1E4933E-3830-4087-B027-0580637A0F52}"
EndProject
Project("{2150E333-8FDC-42A3-9474-1A3956D46DE8}") = "4 - Infra", "4 - Infra", "{951A1DC8-F980-47A3-A799-964231E2C0B8}"
EndProject
Project("{2150E333-8FDC-42A3-9474-1A3956D46DE8}") = "4.1 - Data", "4.1 - Data", "{26692D16-3BB0-4842-B74F-97E12750AF0C}"
EndProject
Project("{2150E333-8FDC-42A3-9474-1A3956D46DE8}") = "4.2 - CrossCutting", "4.2 - CrossCutting", "{0D6806C4-EFD3-42A6-85AA-A787AE3E4E2B}"
EndProject
Project("{FAE04EC0-301F-11D3-BF4B-00C04F79EFBC}") = "PJDDD.MVC", "PJDDD.MVC\PJDDD.MVC.csproj", "{63EA0A8F-F420-4C9D-8E23-F415F0E6E1E7}"
EndProject
Project("{FAE04EC0-301F-11D3-BF4B-00C04F79EFBC}") = "PJDDD.Domain", "PJDDD.Domain\PJDDD.Domain.csproj", "{2153AEB1-D695-4808-B420-2F9E28B803B0}"
EndProject
Project("{FAE04EC0-301F-11D3-BF4B-00C04F79EFBC}") = "PJDDD.Infra.Data", "PJDDD.Infra.Data\PJDDD.Infra.Data.csproj", "{5934AB05-3980-4DDA-ADD7-6456CB575733}"
EndProject
Project("{FAE04EC0-301F-11D3-BF4B-00C04F79EFBC}") = "PJDDD.Application", "PJDDD.Application\PJDDD.Application.csproj", "{F4CDCCCC-520C-4986-ADE8-25AC5F41A239}"
EndProject
Global
	GlobalSection(SolutionConfigurationPlatforms) = preSolution
		Debug|Any CPU = Debug|Any CPU
		Release|Any CPU = Release|Any CPU
	EndGlobalSection
	GlobalSection(ProjectConfigurationPlatforms) = postSolution
		{63EA0A8F-F420-4C9D-8E23-F415F0E6E1E7}.Debug|Any CPU.ActiveCfg = Debug|Any CPU
		{63EA0A8F-F420-4C9D-8E23-F415F0E6E1E7}.Debug|Any CPU.Build.0 = Debug|Any CPU
		{63EA0A8F-F420-4C9D-8E23-F415F0E6E1E7}.Release|Any CPU.ActiveCfg = Release|Any CPU
		{63EA0A8F-F420-4C9D-8E23-F415F0E6E1E7}.Release|Any CPU.Build.0 = Release|Any CPU
		{2153AEB1-D695-4808-B420-2F9E28B803B0}.Debug|Any CPU.ActiveCfg = Debug|Any CPU
		{2153AEB1-D695-4808-B420-2F9E28B803B0}.Debug|Any CPU.Build.0 = Debug|Any CPU
		{2153AEB1-D695-4808-B420-2F9E28B803B0}.Release|Any CPU.ActiveCfg = Release|Any CPU
		{2153AEB1-D695-4808-B420-2F9E28B803B0}.Release|Any CPU.Build.0 = Release|Any CPU
		{5934AB05-3980-4DDA-ADD7-6456CB575733}.Debug|Any CPU.ActiveCfg = Debug|Any CPU
		{5934AB05-3980-4DDA-ADD7-6456CB575733}.Debug|Any CPU.Build.0 = Debug|Any CPU
		{5934AB05-3980-4DDA-ADD7-6456CB575733}.Release|Any CPU.ActiveCfg = Release|Any CPU
		{5934AB05-3980-4DDA-ADD7-6456CB575733}.Release|Any CPU.Build.0 = Release|Any CPU
		{F4CDCCCC-520C-4986-ADE8-25AC5F41A239}.Debug|Any CPU.ActiveCfg = Debug|Any CPU
		{F4CDCCCC-520C-4986-ADE8-25AC5F41A239}.Debug|Any CPU.Build.0 = Debug|Any CPU
		{F4CDCCCC-520C-4986-ADE8-25AC5F41A239}.Release|Any CPU.ActiveCfg = Release|Any CPU
		{F4CDCCCC-520C-4986-ADE8-25AC5F41A239}.Release|Any CPU.Build.0 = Release|Any CPU
	EndGlobalSection
	GlobalSection(SolutionProperties) = preSolution
		HideSolutionNode = FALSE
	EndGlobalSection
	GlobalSection(NestedProjects) = preSolution
		{26692D16-3BB0-4842-B74F-97E12750AF0C} = {951A1DC8-F980-47A3-A799-964231E2C0B8}
		{0D6806C4-EFD3-42A6-85AA-A787AE3E4E2B} = {951A1DC8-F980-47A3-A799-964231E2C0B8}
		{63EA0A8F-F420-4C9D-8E23-F415F0E6E1E7} = {65A29ED9-A808-4FAC-9161-DF6EA9582E6A}
		{2153AEB1-D695-4808-B420-2F9E28B803B0} = {D1E4933E-3830-4087-B027-0580637A0F52}
		{5934AB05-3980-4DDA-ADD7-6456CB575733} = {26692D16-3BB0-4842-B74F-97E12750AF0C}
		{F4CDCCCC-520C-4986-ADE8-25AC5F41A239} = {50B28B81-89F8-46BD-83ED-7386C59058AC}
	EndGlobalSection
EndGlobal
